
Microsoft Visual Studio Solution File, Format Version 12.00
# Visual Studio Version 16
VisualStudioVersion = 16.0.34114.132
MinimumVisualStudioVersion = 10.0.40219.1
Project("{FAE04EC0-301F-11D3-BF4B-00C04F79EFBC}") = "QuanLyCuaHang", "QuanLyCuaHang\QuanLyCuaHang.csproj", "{F22950C5-84BE-4A57-923E-BE11375B7F25}"
EndProject
Global
	GlobalSection(SolutionConfigurationPlatforms) = preSolution
		Debug|Any CPU = Debug|Any CPU
		Release|Any CPU = Release|Any CPU
	EndGlobalSection
	GlobalSection(ProjectConfigurationPlatforms) = postSolution
		{F22950C5-84BE-4A57-923E-BE11375B7F25}.Debug|Any CPU.ActiveCfg = Debug|Any CPU
		{F22950C5-84BE-4A57-923E-BE11375B7F25}.Debug|Any CPU.Build.0 = Debug|Any CPU
		{F22950C5-84BE-4A57-923E-BE11375B7F25}.Release|Any CPU.ActiveCfg = Release|Any CPU
		{F22950C5-84BE-4A57-923E-BE11375B7F25}.Release|Any CPU.Build.0 = Release|Any CPU
	EndGlobalSection
	GlobalSection(SolutionProperties) = preSolution
		HideSolutionNode = FALSE
	EndGlobalSection
	GlobalSection(ExtensibilityGlobals) = postSolution
		SolutionGuid = {5D9DE241-7A9D-42F3-A676-F04C26F23749}
	EndGlobalSection
EndGlobal
